
Microsoft Visual Studio Solution File, Format Version 12.00
# Visual Studio Version 16
VisualStudioVersion = 16.0.30406.217
MinimumVisualStudioVersion = 10.0.40219.1
Project("{888888A0-9F3D-457C-B088-3A5042F75D52}") = "FlaskWebProject1", "FlaskWebProject1\FlaskWebProject1.pyproj", "{987F06A8-38CF-4DB5-B008-C97344CB765D}"
EndProject
Global
	GlobalSection(SolutionConfigurationPlatforms) = preSolution
		Debug|Any CPU = Debug|Any CPU
		Release|Any CPU = Release|Any CPU
	EndGlobalSection
	GlobalSection(ProjectConfigurationPlatforms) = postSolution
		{987F06A8-38CF-4DB5-B008-C97344CB765D}.Debug|Any CPU.ActiveCfg = Debug|Any CPU
		{987F06A8-38CF-4DB5-B008-C97344CB765D}.Debug|Any CPU.Build.0 = Debug|Any CPU
		{987F06A8-38CF-4DB5-B008-C97344CB765D}.Release|Any CPU.ActiveCfg = Release|Any CPU
		{987F06A8-38CF-4DB5-B008-C97344CB765D}.Release|Any CPU.Build.0 = Release|Any CPU
	EndGlobalSection
	GlobalSection(SolutionProperties) = preSolution
		HideSolutionNode = FALSE
	EndGlobalSection
	GlobalSection(ExtensibilityGlobals) = postSolution
		SolutionGuid = {E8EDD9C5-BBCB-4DC1-9BAC-5AA01878EF1D}
	EndGlobalSection
EndGlobal
